// !$*UTF8*$!
{
	archiveVersion = 1;
	classes = {
	};
	objectVersion = 46;
	objects = {

/* Begin PBXBuildFile section */
		8CED4AFB1EBBE60E0045B98D /* AppDelegate.swift in Sources */ = {isa = PBXBuildFile; fileRef = 8CED4AFA1EBBE60E0045B98D /* AppDelegate.swift */; };
		8CED4AFD1EBBE60E0045B98D /* MainVC.swift in Sources */ = {isa = PBXBuildFile; fileRef = 8CED4AFC1EBBE60E0045B98D /* MainVC.swift */; };
		8CED4B001EBBE60E0045B98D /* Main.storyboard in Resources */ = {isa = PBXBuildFile; fileRef = 8CED4AFE1EBBE60E0045B98D /* Main.storyboard */; };
		8CED4B031EBBE60E0045B98D /* DreamLister.xcdatamodeld in Sources */ = {isa = PBXBuildFile; fileRef = 8CED4B011EBBE60E0045B98D /* DreamLister.xcdatamodeld */; };
		8CED4B051EBBE60E0045B98D /* Assets.xcassets in Resources */ = {isa = PBXBuildFile; fileRef = 8CED4B041EBBE60E0045B98D /* Assets.xcassets */; };
		8CED4B081EBBE60E0045B98D /* LaunchScreen.storyboard in Resources */ = {isa = PBXBuildFile; fileRef = 8CED4B061EBBE60E0045B98D /* LaunchScreen.storyboard */; };
		8CED4B191EBBE9BA0045B98D /* Item+CoreDataClass.swift in Sources */ = {isa = PBXBuildFile; fileRef = 8CED4B111EBBE9BA0045B98D /* Item+CoreDataClass.swift */; };
		8CED4B1A1EBBE9BA0045B98D /* Item+CoreDataProperties.swift in Sources */ = {isa = PBXBuildFile; fileRef = 8CED4B121EBBE9BA0045B98D /* Item+CoreDataProperties.swift */; };
		8CED4B1B1EBBE9BA0045B98D /* Image+CoreDataClass.swift in Sources */ = {isa = PBXBuildFile; fileRef = 8CED4B131EBBE9BA0045B98D /* Image+CoreDataClass.swift */; };
		8CED4B1C1EBBE9BA0045B98D /* Image+CoreDataProperties.swift in Sources */ = {isa = PBXBuildFile; fileRef = 8CED4B141EBBE9BA0045B98D /* Image+CoreDataProperties.swift */; };
		8CED4B1D1EBBE9BA0045B98D /* ItemType+CoreDataClass.swift in Sources */ = {isa = PBXBuildFile; fileRef = 8CED4B151EBBE9BA0045B98D /* ItemType+CoreDataClass.swift */; };
		8CED4B1E1EBBE9BA0045B98D /* ItemType+CoreDataProperties.swift in Sources */ = {isa = PBXBuildFile; fileRef = 8CED4B161EBBE9BA0045B98D /* ItemType+CoreDataProperties.swift */; };
		8CED4B1F1EBBE9BA0045B98D /* Store+CoreDataClass.swift in Sources */ = {isa = PBXBuildFile; fileRef = 8CED4B171EBBE9BA0045B98D /* Store+CoreDataClass.swift */; };
		8CED4B201EBBE9BA0045B98D /* Store+CoreDataProperties.swift in Sources */ = {isa = PBXBuildFile; fileRef = 8CED4B181EBBE9BA0045B98D /* Store+CoreDataProperties.swift */; };
		8CED4B241EBC4C900045B98D /* CustomTextField.swift in Sources */ = {isa = PBXBuildFile; fileRef = 8CED4B231EBC4C900045B98D /* CustomTextField.swift */; };
		8CED4B261EBC4D9F0045B98D /* MaterialView.swift in Sources */ = {isa = PBXBuildFile; fileRef = 8CED4B251EBC4D9F0045B98D /* MaterialView.swift */; };
		8CED4B281EBCF9C10045B98D /* ItemCell.swift in Sources */ = {isa = PBXBuildFile; fileRef = 8CED4B271EBCF9C10045B98D /* ItemCell.swift */; };
		8CED4B2A1EBD69710045B98D /* ItemDetailsVC.swift in Sources */ = {isa = PBXBuildFile; fileRef = 8CED4B291EBD69710045B98D /* ItemDetailsVC.swift */; };
/* End PBXBuildFile section */

/* Begin PBXFileReference section */
		8CED4AF71EBBE60E0045B98D /* DreamLister.app */ = {isa = PBXFileReference; explicitFileType = wrapper.application; includeInIndex = 0; path = DreamLister.app; sourceTree = BUILT_PRODUCTS_DIR; };
		8CED4AFA1EBBE60E0045B98D /* AppDelegate.swift */ = {isa = PBXFileReference; lastKnownFileType = sourcecode.swift; path = AppDelegate.swift; sourceTree = "<group>"; };
		8CED4AFC1EBBE60E0045B98D /* MainVC.swift */ = {isa = PBXFileReference; lastKnownFileType = sourcecode.swift; path = MainVC.swift; sourceTree = "<group>"; };
		8CED4AFF1EBBE60E0045B98D /* Base */ = {isa = PBXFileReference; lastKnownFileType = file.storyboard; name = Base; path = Base.lproj/Main.storyboard; sourceTree = "<group>"; };
		8CED4B021EBBE60E0045B98D /* DreamLister.xcdatamodel */ = {isa = PBXFileReference; lastKnownFileType = wrapper.xcdatamodel; path = DreamLister.xcdatamodel; sourceTree = "<group>"; };
		8CED4B041EBBE60E0045B98D /* Assets.xcassets */ = {isa = PBXFileReference; lastKnownFileType = folder.assetcatalog; path = Assets.xcassets; sourceTree = "<group>"; };
		8CED4B071EBBE60E0045B98D /* Base */ = {isa = PBXFileReference; lastKnownFileType = file.storyboard; name = Base; path = Base.lproj/LaunchScreen.storyboard; sourceTree = "<group>"; };
		8CED4B091EBBE60E0045B98D /* Info.plist */ = {isa = PBXFileReference; lastKnownFileType = text.plist.xml; path = Info.plist; sourceTree = "<group>"; };
		8CED4B111EBBE9BA0045B98D /* Item+CoreDataClass.swift */ = {isa = PBXFileReference; fileEncoding = 4; lastKnownFileType = sourcecode.swift; name = "Item+CoreDataClass.swift"; path = "DreamLister/Item+CoreDataClass.swift"; sourceTree = "<group>"; };
		8CED4B121EBBE9BA0045B98D /* Item+CoreDataProperties.swift */ = {isa = PBXFileReference; fileEncoding = 4; lastKnownFileType = sourcecode.swift; name = "Item+CoreDataProperties.swift"; path = "DreamLister/Item+CoreDataProperties.swift"; sourceTree = "<group>"; };
		8CED4B131EBBE9BA0045B98D /* Image+CoreDataClass.swift */ = {isa = PBXFileReference; fileEncoding = 4; lastKnownFileType = sourcecode.swift; name = "Image+CoreDataClass.swift"; path = "DreamLister/Image+CoreDataClass.swift"; sourceTree = "<group>"; };
		8CED4B141EBBE9BA0045B98D /* Image+CoreDataProperties.swift */ = {isa = PBXFileReference; fileEncoding = 4; lastKnownFileType = sourcecode.swift; name = "Image+CoreDataProperties.swift"; path = "DreamLister/Image+CoreDataProperties.swift"; sourceTree = "<group>"; };
		8CED4B151EBBE9BA0045B98D /* ItemType+CoreDataClass.swift */ = {isa = PBXFileReference; fileEncoding = 4; lastKnownFileType = sourcecode.swift; name = "ItemType+CoreDataClass.swift"; path = "DreamLister/ItemType+CoreDataClass.swift"; sourceTree = "<group>"; };
		8CED4B161EBBE9BA0045B98D /* ItemType+CoreDataProperties.swift */ = {isa = PBXFileReference; fileEncoding = 4; lastKnownFileType = sourcecode.swift; name = "ItemType+CoreDataProperties.swift"; path = "DreamLister/ItemType+CoreDataProperties.swift"; sourceTree = "<group>"; };
		8CED4B171EBBE9BA0045B98D /* Store+CoreDataClass.swift */ = {isa = PBXFileReference; fileEncoding = 4; lastKnownFileType = sourcecode.swift; name = "Store+CoreDataClass.swift"; path = "DreamLister/Store+CoreDataClass.swift"; sourceTree = "<group>"; };
		8CED4B181EBBE9BA0045B98D /* Store+CoreDataProperties.swift */ = {isa = PBXFileReference; fileEncoding = 4; lastKnownFileType = sourcecode.swift; name = "Store+CoreDataProperties.swift"; path = "DreamLister/Store+CoreDataProperties.swift"; sourceTree = "<group>"; };
		8CED4B231EBC4C900045B98D /* CustomTextField.swift */ = {isa = PBXFileReference; fileEncoding = 4; lastKnownFileType = sourcecode.swift; path = CustomTextField.swift; sourceTree = "<group>"; };
		8CED4B251EBC4D9F0045B98D /* MaterialView.swift */ = {isa = PBXFileReference; fileEncoding = 4; lastKnownFileType = sourcecode.swift; path = MaterialView.swift; sourceTree = "<group>"; };
		8CED4B271EBCF9C10045B98D /* ItemCell.swift */ = {isa = PBXFileReference; fileEncoding = 4; lastKnownFileType = sourcecode.swift; path = ItemCell.swift; sourceTree = "<group>"; };
		8CED4B291EBD69710045B98D /* ItemDetailsVC.swift */ = {isa = PBXFileReference; fileEncoding = 4; lastKnownFileType = sourcecode.swift; path = ItemDetailsVC.swift; sourceTree = "<group>"; };
/* End PBXFileReference section */

/* Begin PBXFrameworksBuildPhase section */
		8CED4AF41EBBE60E0045B98D /* Frameworks */ = {
			isa = PBXFrameworksBuildPhase;
			buildActionMask = 2147483647;
			files = (
			);
			runOnlyForDeploymentPostprocessing = 0;
		};
/* End PBXFrameworksBuildPhase section */

/* Begin PBXGroup section */
		8CED4AEE1EBBE60E0045B98D = {
			isa = PBXGroup;
			children = (
				8CED4AF91EBBE60E0045B98D /* DreamLister */,
				8CED4AF81EBBE60E0045B98D /* Products */,
			);
			sourceTree = "<group>";
		};
		8CED4AF81EBBE60E0045B98D /* Products */ = {
			isa = PBXGroup;
			children = (
				8CED4AF71EBBE60E0045B98D /* DreamLister.app */,
			);
			name = Products;
			sourceTree = "<group>";
		};
		8CED4AF91EBBE60E0045B98D /* DreamLister */ = {
			isa = PBXGroup;
			children = (
				8CED4B211EBBEA110045B98D /* Model */,
				8CED4B101EBBE6470045B98D /* View */,
				8CED4B0F1EBBE6380045B98D /* Controller */,
				8CED4B041EBBE60E0045B98D /* Assets.xcassets */,
				8CED4B231EBC4C900045B98D /* CustomTextField.swift */,
				8CED4B061EBBE60E0045B98D /* LaunchScreen.storyboard */,
				8CED4B091EBBE60E0045B98D /* Info.plist */,
				8CED4B011EBBE60E0045B98D /* DreamLister.xcdatamodeld */,
			);
			path = DreamLister;
			sourceTree = "<group>";
		};
		8CED4B0F1EBBE6380045B98D /* Controller */ = {
			isa = PBXGroup;
			children = (
				8CED4AFA1EBBE60E0045B98D /* AppDelegate.swift */,
				8CED4AFC1EBBE60E0045B98D /* MainVC.swift */,
				8CED4B291EBD69710045B98D /* ItemDetailsVC.swift */,
			);
			name = Controller;
			sourceTree = "<group>";
		};
		8CED4B101EBBE6470045B98D /* View */ = {
			isa = PBXGroup;
			children = (
				8CED4AFE1EBBE60E0045B98D /* Main.storyboard */,
				8CED4B251EBC4D9F0045B98D /* MaterialView.swift */,
				8CED4B271EBCF9C10045B98D /* ItemCell.swift */,
			);
			name = View;
			sourceTree = "<group>";
		};
		8CED4B211EBBEA110045B98D /* Model */ = {
			isa = PBXGroup;
			children = (
				8CED4B131EBBE9BA0045B98D /* Image+CoreDataClass.swift */,
				8CED4B151EBBE9BA0045B98D /* ItemType+CoreDataClass.swift */,
				8CED4B111EBBE9BA0045B98D /* Item+CoreDataClass.swift */,
				8CED4B171EBBE9BA0045B98D /* Store+CoreDataClass.swift */,
				8CED4B221EBBEA3C0045B98D /* Generated */,
			);
			name = Model;
			path = ..;
			sourceTree = "<group>";
		};
		8CED4B221EBBEA3C0045B98D /* Generated */ = {
			isa = PBXGroup;
			children = (
				8CED4B121EBBE9BA0045B98D /* Item+CoreDataProperties.swift */,
				8CED4B141EBBE9BA0045B98D /* Image+CoreDataProperties.swift */,
				8CED4B161EBBE9BA0045B98D /* ItemType+CoreDataProperties.swift */,
				8CED4B181EBBE9BA0045B98D /* Store+CoreDataProperties.swift */,
			);
			name = Generated;
			sourceTree = "<group>";
		};
/* End PBXGroup section */

/* Begin PBXNativeTarget section */
		8CED4AF61EBBE60E0045B98D /* DreamLister */ = {
			isa = PBXNativeTarget;
			buildConfigurationList = 8CED4B0C1EBBE60E0045B98D /* Build configuration list for PBXNativeTarget "DreamLister" */;
			buildPhases = (
				8CED4AF31EBBE60E0045B98D /* Sources */,
				8CED4AF41EBBE60E0045B98D /* Frameworks */,
				8CED4AF51EBBE60E0045B98D /* Resources */,
			);
			buildRules = (
			);
			dependencies = (
			);
			name = DreamLister;
			productName = DreamLister;
			productReference = 8CED4AF71EBBE60E0045B98D /* DreamLister.app */;
			productType = "com.apple.product-type.application";
		};
/* End PBXNativeTarget section */

/* Begin PBXProject section */
		8CED4AEF1EBBE60E0045B98D /* Project object */ = {
			isa = PBXProject;
			attributes = {
				LastSwiftUpdateCheck = 0830;
				LastUpgradeCheck = 0830;
				ORGANIZATIONNAME = "Simon Zhen";
				TargetAttributes = {
					8CED4AF61EBBE60E0045B98D = {
						CreatedOnToolsVersion = 8.3.2;
						DevelopmentTeam = 94EUZPM3TC;
						ProvisioningStyle = Automatic;
					};
				};
			};
			buildConfigurationList = 8CED4AF21EBBE60E0045B98D /* Build configuration list for PBXProject "DreamLister" */;
			compatibilityVersion = "Xcode 3.2";
			developmentRegion = English;
			hasScannedForEncodings = 0;
			knownRegions = (
				en,
				Base,
			);
			mainGroup = 8CED4AEE1EBBE60E0045B98D;
			productRefGroup = 8CED4AF81EBBE60E0045B98D /* Products */;
			projectDirPath = "";
			projectRoot = "";
			targets = (
				8CED4AF61EBBE60E0045B98D /* DreamLister */,
			);
		};
/* End PBXProject section */

/* Begin PBXResourcesBuildPhase section */
		8CED4AF51EBBE60E0045B98D /* Resources */ = {
			isa = PBXResourcesBuildPhase;
			buildActionMask = 2147483647;
			files = (
				8CED4B081EBBE60E0045B98D /* LaunchScreen.storyboard in Resources */,
				8CED4B051EBBE60E0045B98D /* Assets.xcassets in Resources */,
				8CED4B001EBBE60E0045B98D /* Main.storyboard in Resources */,
			);
			runOnlyForDeploymentPostprocessing = 0;
		};
/* End PBXResourcesBuildPhase section */

/* Begin PBXSourcesBuildPhase section */
		8CED4AF31EBBE60E0045B98D /* Sources */ = {
			isa = PBXSourcesBuildPhase;
			buildActionMask = 2147483647;
			files = (
				8CED4AFD1EBBE60E0045B98D /* MainVC.swift in Sources */,
				8CED4AFB1EBBE60E0045B98D /* AppDelegate.swift in Sources */,
				8CED4B1E1EBBE9BA0045B98D /* ItemType+CoreDataProperties.swift in Sources */,
				8CED4B261EBC4D9F0045B98D /* MaterialView.swift in Sources */,
				8CED4B281EBCF9C10045B98D /* ItemCell.swift in Sources */,
				8CED4B191EBBE9BA0045B98D /* Item+CoreDataClass.swift in Sources */,
				8CED4B201EBBE9BA0045B98D /* Store+CoreDataProperties.swift in Sources */,
				8CED4B1B1EBBE9BA0045B98D /* Image+CoreDataClass.swift in Sources */,
				8CED4B1D1EBBE9BA0045B98D /* ItemType+CoreDataClass.swift in Sources */,
				8CED4B2A1EBD69710045B98D /* ItemDetailsVC.swift in Sources */,
				8CED4B031EBBE60E0045B98D /* DreamLister.xcdatamodeld in Sources */,
				8CED4B241EBC4C900045B98D /* CustomTextField.swift in Sources */,
				8CED4B1F1EBBE9BA0045B98D /* Store+CoreDataClass.swift in Sources */,
				8CED4B1A1EBBE9BA0045B98D /* Item+CoreDataProperties.swift in Sources */,
				8CED4B1C1EBBE9BA0045B98D /* Image+CoreDataProperties.swift in Sources */,
			);
			runOnlyForDeploymentPostprocessing = 0;
		};
/* End PBXSourcesBuildPhase section */

/* Begin PBXVariantGroup section */
		8CED4AFE1EBBE60E0045B98D /* Main.storyboard */ = {
			isa = PBXVariantGroup;
			children = (
				8CED4AFF1EBBE60E0045B98D /* Base */,
			);
			name = Main.storyboard;
			sourceTree = "<group>";
		};
		8CED4B061EBBE60E0045B98D /* LaunchScreen.storyboard */ = {
			isa = PBXVariantGroup;
			children = (
				8CED4B071EBBE60E0045B98D /* Base */,
			);
			name = LaunchScreen.storyboard;
			sourceTree = "<group>";
		};
/* End PBXVariantGroup section */

/* Begin XCBuildConfiguration section */
		8CED4B0A1EBBE60E0045B98D /* Debug */ = {
			isa = XCBuildConfiguration;
			buildSettings = {
				ALWAYS_SEARCH_USER_PATHS = NO;
				CLANG_ANALYZER_NONNULL = YES;
				CLANG_ANALYZER_NUMBER_OBJECT_CONVERSION = YES_AGGRESSIVE;
				CLANG_CXX_LANGUAGE_STANDARD = "gnu++0x";
				CLANG_CXX_LIBRARY = "libc++";
				CLANG_ENABLE_MODULES = YES;
				CLANG_ENABLE_OBJC_ARC = YES;
				CLANG_WARN_BOOL_CONVERSION = YES;
				CLANG_WARN_CONSTANT_CONVERSION = YES;
				CLANG_WARN_DIRECT_OBJC_ISA_USAGE = YES_ERROR;
				CLANG_WARN_DOCUMENTATION_COMMENTS = YES;
				CLANG_WARN_EMPTY_BODY = YES;
				CLANG_WARN_ENUM_CONVERSION = YES;
				CLANG_WARN_INFINITE_RECURSION = YES;
				CLANG_WARN_INT_CONVERSION = YES;
				CLANG_WARN_OBJC_ROOT_CLASS = YES_ERROR;
				CLANG_WARN_SUSPICIOUS_MOVE = YES;
				CLANG_WARN_UNREACHABLE_CODE = YES;
				CLANG_WARN__DUPLICATE_METHOD_MATCH = YES;
				"CODE_SIGN_IDENTITY[sdk=iphoneos*]" = "iPhone Developer";
				COPY_PHASE_STRIP = NO;
				DEBUG_INFORMATION_FORMAT = dwarf;
				ENABLE_STRICT_OBJC_MSGSEND = YES;
				ENABLE_TESTABILITY = YES;
				GCC_C_LANGUAGE_STANDARD = gnu99;
				GCC_DYNAMIC_NO_PIC = NO;
				GCC_NO_COMMON_BLOCKS = YES;
				GCC_OPTIMIZATION_LEVEL = 0;
				GCC_PREPROCESSOR_DEFINITIONS = (
					"DEBUG=1",
					"$(inherited)",
				);
				GCC_WARN_64_TO_32_BIT_CONVERSION = YES;
				GCC_WARN_ABOUT_RETURN_TYPE = YES_ERROR;
				GCC_WARN_UNDECLARED_SELECTOR = YES;
				GCC_WARN_UNINITIALIZED_AUTOS = YES_AGGRESSIVE;
				GCC_WARN_UNUSED_FUNCTION = YES;
				GCC_WARN_UNUSED_VARIABLE = YES;
				IPHONEOS_DEPLOYMENT_TARGET = 10.3;
				MTL_ENABLE_DEBUG_INFO = YES;
				ONLY_ACTIVE_ARCH = YES;
				SDKROOT = iphoneos;
				SWIFT_ACTIVE_COMPILATION_CONDITIONS = DEBUG;
				SWIFT_OPTIMIZATION_LEVEL = "-Onone";
				TARGETED_DEVICE_FAMILY = "1,2";
			};
			name = Debug;
		};
		8CED4B0B1EBBE60E0045B98D /* Release */ = {
			isa = XCBuildConfiguration;
			buildSettings = {
				ALWAYS_SEARCH_USER_PATHS = NO;
				CLANG_ANALYZER_NONNULL = YES;
				CLANG_ANALYZER_NUMBER_OBJECT_CONVERSION = YES_AGGRESSIVE;
				CLANG_CXX_LANGUAGE_STANDARD = "gnu++0x";
				CLANG_CXX_LIBRARY = "libc++";
				CLANG_ENABLE_MODULES = YES;
				CLANG_ENABLE_OBJC_ARC = YES;
				CLANG_WARN_BOOL_CONVERSION = YES;
				CLANG_WARN_CONSTANT_CONVERSION = YES;
				CLANG_WARN_DIRECT_OBJC_ISA_USAGE = YES_ERROR;
				CLANG_WARN_DOCUMENTATION_COMMENTS = YES;
				CLANG_WARN_EMPTY_BODY = YES;
				CLANG_WARN_ENUM_CONVERSION = YES;
				CLANG_WARN_INFINITE_RECURSION = YES;
				CLANG_WARN_INT_CONVERSION = YES;
				CLANG_WARN_OBJC_ROOT_CLASS = YES_ERROR;
				CLANG_WARN_SUSPICIOUS_MOVE = YES;
				CLANG_WARN_UNREACHABLE_CODE = YES;
				CLANG_WARN__DUPLICATE_METHOD_MATCH = YES;
				"CODE_SIGN_IDENTITY[sdk=iphoneos*]" = "iPhone Developer";
				COPY_PHASE_STRIP = NO;
				DEBUG_INFORMATION_FORMAT = "dwarf-with-dsym";
				ENABLE_NS_ASSERTIONS = NO;
				ENABLE_STRICT_OBJC_MSGSEND = YES;
				GCC_C_LANGUAGE_STANDARD = gnu99;
				GCC_NO_COMMON_BLOCKS = YES;
				GCC_WARN_64_TO_32_BIT_CONVERSION = YES;
				GCC_WARN_ABOUT_RETURN_TYPE = YES_ERROR;
				GCC_WARN_UNDECLARED_SELECTOR = YES;
				GCC_WARN_UNINITIALIZED_AUTOS = YES_AGGRESSIVE;
				GCC_WARN_UNUSED_FUNCTION = YES;
				GCC_WARN_UNUSED_VARIABLE = YES;
				IPHONEOS_DEPLOYMENT_TARGET = 10.3;
				MTL_ENABLE_DEBUG_INFO = NO;
				SDKROOT = iphoneos;
				SWIFT_OPTIMIZATION_LEVEL = "-Owholemodule";
				TARGETED_DEVICE_FAMILY = "1,2";
				VALIDATE_PRODUCT = YES;
			};
			name = Release;
		};
		8CED4B0D1EBBE60E0045B98D /* Debug */ = {
			isa = XCBuildConfiguration;
			buildSettings = {
				ASSETCATALOG_COMPILER_APPICON_NAME = AppIcon;
				DEVELOPMENT_TEAM = 94EUZPM3TC;
				INFOPLIST_FILE = DreamLister/Info.plist;
				LD_RUNPATH_SEARCH_PATHS = "$(inherited) @executable_path/Frameworks";
				PRODUCT_BUNDLE_IDENTIFIER = com.simonzhen.DreamLister;
				PRODUCT_NAME = "$(TARGET_NAME)";
				SWIFT_VERSION = 3.0;
			};
			name = Debug;
		};
		8CED4B0E1EBBE60E0045B98D /* Release */ = {
			isa = XCBuildConfiguration;
			buildSettings = {
				ASSETCATALOG_COMPILER_APPICON_NAME = AppIcon;
				DEVELOPMENT_TEAM = 94EUZPM3TC;
				INFOPLIST_FILE = DreamLister/Info.plist;
				LD_RUNPATH_SEARCH_PATHS = "$(inherited) @executable_path/Frameworks";
				PRODUCT_BUNDLE_IDENTIFIER = com.simonzhen.DreamLister;
				PRODUCT_NAME = "$(TARGET_NAME)";
				SWIFT_VERSION = 3.0;
			};
			name = Release;
		};
/* End XCBuildConfiguration section */

/* Begin XCConfigurationList section */
		8CED4AF21EBBE60E0045B98D /* Build configuration list for PBXProject "DreamLister" */ = {
			isa = XCConfigurationList;
			buildConfigurations = (
				8CED4B0A1EBBE60E0045B98D /* Debug */,
				8CED4B0B1EBBE60E0045B98D /* Release */,
			);
			defaultConfigurationIsVisible = 0;
			defaultConfigurationName = Release;
		};
		8CED4B0C1EBBE60E0045B98D /* Build configuration list for PBXNativeTarget "DreamLister" */ = {
			isa = XCConfigurationList;
			buildConfigurations = (
				8CED4B0D1EBBE60E0045B98D /* Debug */,
				8CED4B0E1EBBE60E0045B98D /* Release */,
			);
			defaultConfigurationIsVisible = 0;
		};
/* End XCConfigurationList section */

/* Begin XCVersionGroup section */
		8CED4B011EBBE60E0045B98D /* DreamLister.xcdatamodeld */ = {
			isa = XCVersionGroup;
			children = (
				8CED4B021EBBE60E0045B98D /* DreamLister.xcdatamodel */,
			);
			currentVersion = 8CED4B021EBBE60E0045B98D /* DreamLister.xcdatamodel */;
			path = DreamLister.xcdatamodeld;
			sourceTree = "<group>";
			versionGroupType = wrapper.xcdatamodel;
		};
/* End XCVersionGroup section */
	};
	rootObject = 8CED4AEF1EBBE60E0045B98D /* Project object */;
}
